
Microsoft Visual Studio Solution File, Format Version 12.00
# Visual Studio 15
VisualStudioVersion = 15.0.28010.2003
MinimumVisualStudioVersion = 10.0.40219.1
Project("{FAE04EC0-301F-11D3-BF4B-00C04F79EFBC}") = "FHLAP", "FHLAP\FHLAP.csproj", "{071CA5DA-9C9B-49CE-AF8F-C5C4B80A9CA8}"
EndProject
Global
	GlobalSection(SolutionConfigurationPlatforms) = preSolution
		Debug|Any CPU = Debug|Any CPU
		Release|Any CPU = Release|Any CPU
	EndGlobalSection
	GlobalSection(ProjectConfigurationPlatforms) = postSolution
		{071CA5DA-9C9B-49CE-AF8F-C5C4B80A9CA8}.Debug|Any CPU.ActiveCfg = Debug|Any CPU
		{071CA5DA-9C9B-49CE-AF8F-C5C4B80A9CA8}.Debug|Any CPU.Build.0 = Debug|Any CPU
		{071CA5DA-9C9B-49CE-AF8F-C5C4B80A9CA8}.Release|Any CPU.ActiveCfg = Release|Any CPU
		{071CA5DA-9C9B-49CE-AF8F-C5C4B80A9CA8}.Release|Any CPU.Build.0 = Release|Any CPU
	EndGlobalSection
	GlobalSection(SolutionProperties) = preSolution
		HideSolutionNode = FALSE
	EndGlobalSection
	GlobalSection(ExtensibilityGlobals) = postSolution
		SolutionGuid = {51504619-83B6-4FB9-96A8-7ED7D998106F}
	EndGlobalSection
EndGlobal
