
Microsoft Visual Studio Solution File, Format Version 12.00
# Visual Studio 15
VisualStudioVersion = 15.0.28010.2003
MinimumVisualStudioVersion = 10.0.40219.1
Project("{FAE04EC0-301F-11D3-BF4B-00C04F79EFBC}") = "BARH", "BARH\BARH.csproj", "{01983E44-AC61-4F6B-B2D1-CDC44FCDD959}"
EndProject
Global
	GlobalSection(SolutionConfigurationPlatforms) = preSolution
		Debug|Any CPU = Debug|Any CPU
		Release|Any CPU = Release|Any CPU
	EndGlobalSection
	GlobalSection(ProjectConfigurationPlatforms) = postSolution
		{01983E44-AC61-4F6B-B2D1-CDC44FCDD959}.Debug|Any CPU.ActiveCfg = Debug|Any CPU
		{01983E44-AC61-4F6B-B2D1-CDC44FCDD959}.Debug|Any CPU.Build.0 = Debug|Any CPU
		{01983E44-AC61-4F6B-B2D1-CDC44FCDD959}.Release|Any CPU.ActiveCfg = Release|Any CPU
		{01983E44-AC61-4F6B-B2D1-CDC44FCDD959}.Release|Any CPU.Build.0 = Release|Any CPU
	EndGlobalSection
	GlobalSection(SolutionProperties) = preSolution
		HideSolutionNode = FALSE
	EndGlobalSection
	GlobalSection(ExtensibilityGlobals) = postSolution
		SolutionGuid = {B10DFA21-0AB4-4E05-99D3-5CDDAB5509EC}
	EndGlobalSection
EndGlobal
